// !$*UTF8*$!
{
	archiveVersion = 1;
	classes = {
	};
	objectVersion = 50;
	objects = {

/* Begin PBXBuildFile section */
		1CD2EE8FF57B5471629C020F /* Pods_Smack.framework in Frameworks */ = {isa = PBXBuildFile; fileRef = 2F2FEC01BFF06DC0F719C575 /* Pods_Smack.framework */; };
		3B20A2912106820200FED039 /* Constants.swift in Sources */ = {isa = PBXBuildFile; fileRef = 3B20A2902106820200FED039 /* Constants.swift */; };
		3B20A2932107A64900FED039 /* LoginVC.swift in Sources */ = {isa = PBXBuildFile; fileRef = 3B20A2922107A64900FED039 /* LoginVC.swift */; };
		3B595FA52115AA3E004CC4AD /* AuthService.swift in Sources */ = {isa = PBXBuildFile; fileRef = 3B595FA42115AA3E004CC4AD /* AuthService.swift */; };
		3B595FA7211635A4004CC4AD /* RoundedButton.swift in Sources */ = {isa = PBXBuildFile; fileRef = 3B595FA6211635A4004CC4AD /* RoundedButton.swift */; };
		3B7C2129211748EC0069EB45 /* UserDataService.swift in Sources */ = {isa = PBXBuildFile; fileRef = 3B7C2128211748EC0069EB45 /* UserDataService.swift */; };
		3B7C212B2117843E0069EB45 /* AvatarPickerVC.swift in Sources */ = {isa = PBXBuildFile; fileRef = 3B7C212A2117843E0069EB45 /* AvatarPickerVC.swift */; };
		3B7C212D211788FC0069EB45 /* AvatarCell.swift in Sources */ = {isa = PBXBuildFile; fileRef = 3B7C212C211788FC0069EB45 /* AvatarCell.swift */; };
		3B84F5702104F0B600F7D54D /* AppDelegate.swift in Sources */ = {isa = PBXBuildFile; fileRef = 3B84F56F2104F0B600F7D54D /* AppDelegate.swift */; };
		3B84F5752104F0B600F7D54D /* Main.storyboard in Resources */ = {isa = PBXBuildFile; fileRef = 3B84F5732104F0B600F7D54D /* Main.storyboard */; };
		3B84F5772104F0B600F7D54D /* Assets.xcassets in Resources */ = {isa = PBXBuildFile; fileRef = 3B84F5762104F0B600F7D54D /* Assets.xcassets */; };
		3B84F57A2104F0B600F7D54D /* LaunchScreen.storyboard in Resources */ = {isa = PBXBuildFile; fileRef = 3B84F5782104F0B600F7D54D /* LaunchScreen.storyboard */; };
		3B953C1F2105063800E56AC7 /* SWRevealViewController.m in Sources */ = {isa = PBXBuildFile; fileRef = 3B953C1E2105063800E56AC7 /* SWRevealViewController.m */; };
		3B953C2521050B9C00E56AC7 /* ChatVC.swift in Sources */ = {isa = PBXBuildFile; fileRef = 3B953C2421050B9C00E56AC7 /* ChatVC.swift */; };
		3B953C2721050BAD00E56AC7 /* ChannelVC.swift in Sources */ = {isa = PBXBuildFile; fileRef = 3B953C2621050BAD00E56AC7 /* ChannelVC.swift */; };
		3B953C292105220500E56AC7 /* GradientView.swift in Sources */ = {isa = PBXBuildFile; fileRef = 3B953C282105220500E56AC7 /* GradientView.swift */; };
		3BE408A6211A2DC80042C152 /* CircleImage.swift in Sources */ = {isa = PBXBuildFile; fileRef = 3BE408A5211A2DC80042C152 /* CircleImage.swift */; };
		3BE7B262210909E200BC15E9 /* CreateAccountVC.swift in Sources */ = {isa = PBXBuildFile; fileRef = 3BE7B261210909E200BC15E9 /* CreateAccountVC.swift */; };
/* End PBXBuildFile section */

/* Begin PBXFileReference section */
		2F2FEC01BFF06DC0F719C575 /* Pods_Smack.framework */ = {isa = PBXFileReference; explicitFileType = wrapper.framework; includeInIndex = 0; path = Pods_Smack.framework; sourceTree = BUILT_PRODUCTS_DIR; };
		3B20A2902106820200FED039 /* Constants.swift */ = {isa = PBXFileReference; lastKnownFileType = sourcecode.swift; path = Constants.swift; sourceTree = "<group>"; };
		3B20A2922107A64900FED039 /* LoginVC.swift */ = {isa = PBXFileReference; lastKnownFileType = sourcecode.swift; path = LoginVC.swift; sourceTree = "<group>"; };
		3B595FA42115AA3E004CC4AD /* AuthService.swift */ = {isa = PBXFileReference; lastKnownFileType = sourcecode.swift; path = AuthService.swift; sourceTree = "<group>"; };
		3B595FA6211635A4004CC4AD /* RoundedButton.swift */ = {isa = PBXFileReference; lastKnownFileType = sourcecode.swift; path = RoundedButton.swift; sourceTree = "<group>"; };
		3B7C2128211748EC0069EB45 /* UserDataService.swift */ = {isa = PBXFileReference; lastKnownFileType = sourcecode.swift; path = UserDataService.swift; sourceTree = "<group>"; };
		3B7C212A2117843E0069EB45 /* AvatarPickerVC.swift */ = {isa = PBXFileReference; lastKnownFileType = sourcecode.swift; path = AvatarPickerVC.swift; sourceTree = "<group>"; };
		3B7C212C211788FC0069EB45 /* AvatarCell.swift */ = {isa = PBXFileReference; lastKnownFileType = sourcecode.swift; path = AvatarCell.swift; sourceTree = "<group>"; };
		3B84F56C2104F0B600F7D54D /* Smack.app */ = {isa = PBXFileReference; explicitFileType = wrapper.application; includeInIndex = 0; path = Smack.app; sourceTree = BUILT_PRODUCTS_DIR; };
		3B84F56F2104F0B600F7D54D /* AppDelegate.swift */ = {isa = PBXFileReference; lastKnownFileType = sourcecode.swift; path = AppDelegate.swift; sourceTree = "<group>"; };
		3B84F5742104F0B600F7D54D /* Base */ = {isa = PBXFileReference; lastKnownFileType = file.storyboard; name = Base; path = Base.lproj/Main.storyboard; sourceTree = "<group>"; };
		3B84F5762104F0B600F7D54D /* Assets.xcassets */ = {isa = PBXFileReference; lastKnownFileType = folder.assetcatalog; path = Assets.xcassets; sourceTree = "<group>"; };
		3B84F5792104F0B600F7D54D /* Base */ = {isa = PBXFileReference; lastKnownFileType = file.storyboard; name = Base; path = Base.lproj/LaunchScreen.storyboard; sourceTree = "<group>"; };
		3B84F57B2104F0B600F7D54D /* Info.plist */ = {isa = PBXFileReference; lastKnownFileType = text.plist.xml; path = Info.plist; sourceTree = "<group>"; };
		3B953C1D2105063700E56AC7 /* SWRevealViewController.h */ = {isa = PBXFileReference; fileEncoding = 4; lastKnownFileType = sourcecode.c.h; path = SWRevealViewController.h; sourceTree = "<group>"; };
		3B953C1E2105063800E56AC7 /* SWRevealViewController.m */ = {isa = PBXFileReference; fileEncoding = 4; lastKnownFileType = sourcecode.c.objc; path = SWRevealViewController.m; sourceTree = "<group>"; };
		3B953C20210506B700E56AC7 /* Smack-Bridging-Header.h */ = {isa = PBXFileReference; lastKnownFileType = sourcecode.c.h; path = "Smack-Bridging-Header.h"; sourceTree = "<group>"; };
		3B953C2421050B9C00E56AC7 /* ChatVC.swift */ = {isa = PBXFileReference; lastKnownFileType = sourcecode.swift; path = ChatVC.swift; sourceTree = "<group>"; };
		3B953C2621050BAD00E56AC7 /* ChannelVC.swift */ = {isa = PBXFileReference; lastKnownFileType = sourcecode.swift; path = ChannelVC.swift; sourceTree = "<group>"; };
		3B953C282105220500E56AC7 /* GradientView.swift */ = {isa = PBXFileReference; lastKnownFileType = sourcecode.swift; path = GradientView.swift; sourceTree = "<group>"; };
		3BE408A5211A2DC80042C152 /* CircleImage.swift */ = {isa = PBXFileReference; lastKnownFileType = sourcecode.swift; path = CircleImage.swift; sourceTree = "<group>"; };
		3BE7B261210909E200BC15E9 /* CreateAccountVC.swift */ = {isa = PBXFileReference; lastKnownFileType = sourcecode.swift; path = CreateAccountVC.swift; sourceTree = "<group>"; };
		7F7B7DD87B26F088EAB39DAB /* Pods-Smack.release.xcconfig */ = {isa = PBXFileReference; includeInIndex = 1; lastKnownFileType = text.xcconfig; name = "Pods-Smack.release.xcconfig"; path = "Pods/Target Support Files/Pods-Smack/Pods-Smack.release.xcconfig"; sourceTree = "<group>"; };
		E0BC45B9B7B5082D75F0843C /* Pods-Smack.debug.xcconfig */ = {isa = PBXFileReference; includeInIndex = 1; lastKnownFileType = text.xcconfig; name = "Pods-Smack.debug.xcconfig"; path = "Pods/Target Support Files/Pods-Smack/Pods-Smack.debug.xcconfig"; sourceTree = "<group>"; };
/* End PBXFileReference section */

/* Begin PBXFrameworksBuildPhase section */
		3B84F5692104F0B600F7D54D /* Frameworks */ = {
			isa = PBXFrameworksBuildPhase;
			buildActionMask = 2147483647;
			files = (
				1CD2EE8FF57B5471629C020F /* Pods_Smack.framework in Frameworks */,
			);
			runOnlyForDeploymentPostprocessing = 0;
		};
/* End PBXFrameworksBuildPhase section */

/* Begin PBXGroup section */
		10483D7D6103938ED8025CC0 /* Pods */ = {
			isa = PBXGroup;
			children = (
				E0BC45B9B7B5082D75F0843C /* Pods-Smack.debug.xcconfig */,
				7F7B7DD87B26F088EAB39DAB /* Pods-Smack.release.xcconfig */,
			);
			name = Pods;
			sourceTree = "<group>";
		};
		3B20A28F210681E100FED039 /* Utilities */ = {
			isa = PBXGroup;
			children = (
				3B20A2902106820200FED039 /* Constants.swift */,
			);
			path = Utilities;
			sourceTree = "<group>";
		};
		3B595FA32115AA12004CC4AD /* Services */ = {
			isa = PBXGroup;
			children = (
				3B595FA42115AA3E004CC4AD /* AuthService.swift */,
				3B7C2128211748EC0069EB45 /* UserDataService.swift */,
			);
			path = Services;
			sourceTree = "<group>";
		};
		3B84F5632104F0B600F7D54D = {
			isa = PBXGroup;
			children = (
				3B953C20210506B700E56AC7 /* Smack-Bridging-Header.h */,
				3B84F56E2104F0B600F7D54D /* Smack */,
				3B84F56D2104F0B600F7D54D /* Products */,
				10483D7D6103938ED8025CC0 /* Pods */,
				BF208990D977CC1F9A7F88AF /* Frameworks */,
			);
			sourceTree = "<group>";
		};
		3B84F56D2104F0B600F7D54D /* Products */ = {
			isa = PBXGroup;
			children = (
				3B84F56C2104F0B600F7D54D /* Smack.app */,
			);
			name = Products;
			sourceTree = "<group>";
		};
		3B84F56E2104F0B600F7D54D /* Smack */ = {
			isa = PBXGroup;
			children = (
				3B595FA32115AA12004CC4AD /* Services */,
				3B20A28F210681E100FED039 /* Utilities */,
				3B953C2321050AA200E56AC7 /* Controller */,
				3B953C2221050A9B00E56AC7 /* View */,
				3B953C2121050A9600E56AC7 /* Model */,
				3B953C182105041300E56AC7 /* Supporting Files */,
				3B84F56F2104F0B600F7D54D /* AppDelegate.swift */,
				3B84F5732104F0B600F7D54D /* Main.storyboard */,
				3B84F5762104F0B600F7D54D /* Assets.xcassets */,
				3B84F5782104F0B600F7D54D /* LaunchScreen.storyboard */,
				3B84F57B2104F0B600F7D54D /* Info.plist */,
			);
			path = Smack;
			sourceTree = "<group>";
		};
		3B953C182105041300E56AC7 /* Supporting Files */ = {
			isa = PBXGroup;
			children = (
				3B953C1D2105063700E56AC7 /* SWRevealViewController.h */,
				3B953C1E2105063800E56AC7 /* SWRevealViewController.m */,
			);
			path = "Supporting Files";
			sourceTree = "<group>";
		};
		3B953C2121050A9600E56AC7 /* Model */ = {
			isa = PBXGroup;
			children = (
			);
			path = Model;
			sourceTree = "<group>";
		};
		3B953C2221050A9B00E56AC7 /* View */ = {
			isa = PBXGroup;
			children = (
				3B953C282105220500E56AC7 /* GradientView.swift */,
				3B595FA6211635A4004CC4AD /* RoundedButton.swift */,
				3B7C212C211788FC0069EB45 /* AvatarCell.swift */,
				3BE408A5211A2DC80042C152 /* CircleImage.swift */,
			);
			path = View;
			sourceTree = "<group>";
		};
		3B953C2321050AA200E56AC7 /* Controller */ = {
			isa = PBXGroup;
			children = (
				3B953C2421050B9C00E56AC7 /* ChatVC.swift */,
				3B953C2621050BAD00E56AC7 /* ChannelVC.swift */,
				3B20A2922107A64900FED039 /* LoginVC.swift */,
				3BE7B261210909E200BC15E9 /* CreateAccountVC.swift */,
				3B7C212A2117843E0069EB45 /* AvatarPickerVC.swift */,
			);
			path = Controller;
			sourceTree = "<group>";
		};
		BF208990D977CC1F9A7F88AF /* Frameworks */ = {
			isa = PBXGroup;
			children = (
				2F2FEC01BFF06DC0F719C575 /* Pods_Smack.framework */,
			);
			name = Frameworks;
			sourceTree = "<group>";
		};
/* End PBXGroup section */

/* Begin PBXNativeTarget section */
		3B84F56B2104F0B600F7D54D /* Smack */ = {
			isa = PBXNativeTarget;
			buildConfigurationList = 3B84F57E2104F0B600F7D54D /* Build configuration list for PBXNativeTarget "Smack" */;
			buildPhases = (
				9E07A138517C5DA3E3201FBE /* [CP] Check Pods Manifest.lock */,
				3B84F5682104F0B600F7D54D /* Sources */,
				3B84F5692104F0B600F7D54D /* Frameworks */,
				3B84F56A2104F0B600F7D54D /* Resources */,
				45D66BE30146D9C35076D134 /* [CP] Embed Pods Frameworks */,
			);
			buildRules = (
			);
			dependencies = (
			);
			name = Smack;
			productName = Smack;
			productReference = 3B84F56C2104F0B600F7D54D /* Smack.app */;
			productType = "com.apple.product-type.application";
		};
/* End PBXNativeTarget section */

/* Begin PBXProject section */
		3B84F5642104F0B600F7D54D /* Project object */ = {
			isa = PBXProject;
			attributes = {
				LastSwiftUpdateCheck = 0940;
				LastUpgradeCheck = 0940;
				ORGANIZATIONNAME = "Massimiliano Abeli";
				TargetAttributes = {
					3B84F56B2104F0B600F7D54D = {
						CreatedOnToolsVersion = 9.4.1;
						LastSwiftMigration = 0940;
					};
				};
			};
			buildConfigurationList = 3B84F5672104F0B600F7D54D /* Build configuration list for PBXProject "Smack" */;
			compatibilityVersion = "Xcode 9.3";
			developmentRegion = en;
			hasScannedForEncodings = 0;
			knownRegions = (
				en,
				Base,
			);
			mainGroup = 3B84F5632104F0B600F7D54D;
			productRefGroup = 3B84F56D2104F0B600F7D54D /* Products */;
			projectDirPath = "";
			projectRoot = "";
			targets = (
				3B84F56B2104F0B600F7D54D /* Smack */,
			);
		};
/* End PBXProject section */

/* Begin PBXResourcesBuildPhase section */
		3B84F56A2104F0B600F7D54D /* Resources */ = {
			isa = PBXResourcesBuildPhase;
			buildActionMask = 2147483647;
			files = (
				3B84F57A2104F0B600F7D54D /* LaunchScreen.storyboard in Resources */,
				3B84F5772104F0B600F7D54D /* Assets.xcassets in Resources */,
				3B84F5752104F0B600F7D54D /* Main.storyboard in Resources */,
			);
			runOnlyForDeploymentPostprocessing = 0;
		};
/* End PBXResourcesBuildPhase section */

/* Begin PBXShellScriptBuildPhase section */
		45D66BE30146D9C35076D134 /* [CP] Embed Pods Frameworks */ = {
			isa = PBXShellScriptBuildPhase;
			buildActionMask = 2147483647;
			files = (
			);
			inputPaths = (
				"${SRCROOT}/Pods/Target Support Files/Pods-Smack/Pods-Smack-frameworks.sh",
				"${BUILT_PRODUCTS_DIR}/Alamofire/Alamofire.framework",
				"${BUILT_PRODUCTS_DIR}/Socket.IO-Client-Swift/SocketIO.framework",
				"${BUILT_PRODUCTS_DIR}/Starscream/Starscream.framework",
				"${BUILT_PRODUCTS_DIR}/SwiftyJSON/SwiftyJSON.framework",
			);
			name = "[CP] Embed Pods Frameworks";
			outputPaths = (
				"${TARGET_BUILD_DIR}/${FRAMEWORKS_FOLDER_PATH}/Alamofire.framework",
				"${TARGET_BUILD_DIR}/${FRAMEWORKS_FOLDER_PATH}/SocketIO.framework",
				"${TARGET_BUILD_DIR}/${FRAMEWORKS_FOLDER_PATH}/Starscream.framework",
				"${TARGET_BUILD_DIR}/${FRAMEWORKS_FOLDER_PATH}/SwiftyJSON.framework",
			);
			runOnlyForDeploymentPostprocessing = 0;
			shellPath = /bin/sh;
			shellScript = "\"${SRCROOT}/Pods/Target Support Files/Pods-Smack/Pods-Smack-frameworks.sh\"\n";
			showEnvVarsInLog = 0;
		};
		9E07A138517C5DA3E3201FBE /* [CP] Check Pods Manifest.lock */ = {
			isa = PBXShellScriptBuildPhase;
			buildActionMask = 2147483647;
			files = (
			);
			inputPaths = (
				"${PODS_PODFILE_DIR_PATH}/Podfile.lock",
				"${PODS_ROOT}/Manifest.lock",
			);
			name = "[CP] Check Pods Manifest.lock";
			outputPaths = (
				"$(DERIVED_FILE_DIR)/Pods-Smack-checkManifestLockResult.txt",
			);
			runOnlyForDeploymentPostprocessing = 0;
			shellPath = /bin/sh;
			shellScript = "diff \"${PODS_PODFILE_DIR_PATH}/Podfile.lock\" \"${PODS_ROOT}/Manifest.lock\" > /dev/null\nif [ $? != 0 ] ; then\n    # print error to STDERR\n    echo \"error: The sandbox is not in sync with the Podfile.lock. Run 'pod install' or update your CocoaPods installation.\" >&2\n    exit 1\nfi\n# This output is used by Xcode 'outputs' to avoid re-running this script phase.\necho \"SUCCESS\" > \"${SCRIPT_OUTPUT_FILE_0}\"\n";
			showEnvVarsInLog = 0;
		};
/* End PBXShellScriptBuildPhase section */

/* Begin PBXSourcesBuildPhase section */
		3B84F5682104F0B600F7D54D /* Sources */ = {
			isa = PBXSourcesBuildPhase;
			buildActionMask = 2147483647;
			files = (
				3B953C2721050BAD00E56AC7 /* ChannelVC.swift in Sources */,
				3B7C212B2117843E0069EB45 /* AvatarPickerVC.swift in Sources */,
				3B595FA7211635A4004CC4AD /* RoundedButton.swift in Sources */,
				3BE408A6211A2DC80042C152 /* CircleImage.swift in Sources */,
				3B953C2521050B9C00E56AC7 /* ChatVC.swift in Sources */,
				3B7C2129211748EC0069EB45 /* UserDataService.swift in Sources */,
				3BE7B262210909E200BC15E9 /* CreateAccountVC.swift in Sources */,
				3B595FA52115AA3E004CC4AD /* AuthService.swift in Sources */,
				3B20A2932107A64900FED039 /* LoginVC.swift in Sources */,
				3B953C292105220500E56AC7 /* GradientView.swift in Sources */,
				3B7C212D211788FC0069EB45 /* AvatarCell.swift in Sources */,
				3B84F5702104F0B600F7D54D /* AppDelegate.swift in Sources */,
				3B953C1F2105063800E56AC7 /* SWRevealViewController.m in Sources */,
				3B20A2912106820200FED039 /* Constants.swift in Sources */,
			);
			runOnlyForDeploymentPostprocessing = 0;
		};
/* End PBXSourcesBuildPhase section */

/* Begin PBXVariantGroup section */
		3B84F5732104F0B600F7D54D /* Main.storyboard */ = {
			isa = PBXVariantGroup;
			children = (
				3B84F5742104F0B600F7D54D /* Base */,
			);
			name = Main.storyboard;
			sourceTree = "<group>";
		};
		3B84F5782104F0B600F7D54D /* LaunchScreen.storyboard */ = {
			isa = PBXVariantGroup;
			children = (
				3B84F5792104F0B600F7D54D /* Base */,
			);
			name = LaunchScreen.storyboard;
			sourceTree = "<group>";
		};
/* End PBXVariantGroup section */

/* Begin XCBuildConfiguration section */
		3B84F57C2104F0B600F7D54D /* Debug */ = {
			isa = XCBuildConfiguration;
			buildSettings = {
				ALWAYS_SEARCH_USER_PATHS = NO;
				CLANG_ANALYZER_NONNULL = YES;
				CLANG_ANALYZER_NUMBER_OBJECT_CONVERSION = YES_AGGRESSIVE;
				CLANG_CXX_LANGUAGE_STANDARD = "gnu++14";
				CLANG_CXX_LIBRARY = "libc++";
				CLANG_ENABLE_MODULES = YES;
				CLANG_ENABLE_OBJC_ARC = YES;
				CLANG_ENABLE_OBJC_WEAK = YES;
				CLANG_WARN_BLOCK_CAPTURE_AUTORELEASING = YES;
				CLANG_WARN_BOOL_CONVERSION = YES;
				CLANG_WARN_COMMA = YES;
				CLANG_WARN_CONSTANT_CONVERSION = YES;
				CLANG_WARN_DEPRECATED_OBJC_IMPLEMENTATIONS = YES;
				CLANG_WARN_DIRECT_OBJC_ISA_USAGE = YES_ERROR;
				CLANG_WARN_DOCUMENTATION_COMMENTS = YES;
				CLANG_WARN_EMPTY_BODY = YES;
				CLANG_WARN_ENUM_CONVERSION = YES;
				CLANG_WARN_INFINITE_RECURSION = YES;
				CLANG_WARN_INT_CONVERSION = YES;
				CLANG_WARN_NON_LITERAL_NULL_CONVERSION = YES;
				CLANG_WARN_OBJC_IMPLICIT_RETAIN_SELF = YES;
				CLANG_WARN_OBJC_LITERAL_CONVERSION = YES;
				CLANG_WARN_OBJC_ROOT_CLASS = YES_ERROR;
				CLANG_WARN_RANGE_LOOP_ANALYSIS = YES;
				CLANG_WARN_STRICT_PROTOTYPES = YES;
				CLANG_WARN_SUSPICIOUS_MOVE = YES;
				CLANG_WARN_UNGUARDED_AVAILABILITY = YES_AGGRESSIVE;
				CLANG_WARN_UNREACHABLE_CODE = YES;
				CLANG_WARN__DUPLICATE_METHOD_MATCH = YES;
				CODE_SIGN_IDENTITY = "iPhone Developer";
				COPY_PHASE_STRIP = NO;
				DEBUG_INFORMATION_FORMAT = dwarf;
				ENABLE_STRICT_OBJC_MSGSEND = YES;
				ENABLE_TESTABILITY = YES;
				GCC_C_LANGUAGE_STANDARD = gnu11;
				GCC_DYNAMIC_NO_PIC = NO;
				GCC_NO_COMMON_BLOCKS = YES;
				GCC_OPTIMIZATION_LEVEL = 0;
				GCC_PREPROCESSOR_DEFINITIONS = (
					"DEBUG=1",
					"$(inherited)",
				);
				GCC_WARN_64_TO_32_BIT_CONVERSION = YES;
				GCC_WARN_ABOUT_RETURN_TYPE = YES_ERROR;
				GCC_WARN_UNDECLARED_SELECTOR = YES;
				GCC_WARN_UNINITIALIZED_AUTOS = YES_AGGRESSIVE;
				GCC_WARN_UNUSED_FUNCTION = YES;
				GCC_WARN_UNUSED_VARIABLE = YES;
				IPHONEOS_DEPLOYMENT_TARGET = 11.4;
				MTL_ENABLE_DEBUG_INFO = YES;
				ONLY_ACTIVE_ARCH = YES;
				SDKROOT = iphoneos;
				SWIFT_ACTIVE_COMPILATION_CONDITIONS = DEBUG;
				SWIFT_OPTIMIZATION_LEVEL = "-Onone";
			};
			name = Debug;
		};
		3B84F57D2104F0B600F7D54D /* Release */ = {
			isa = XCBuildConfiguration;
			buildSettings = {
				ALWAYS_SEARCH_USER_PATHS = NO;
				CLANG_ANALYZER_NONNULL = YES;
				CLANG_ANALYZER_NUMBER_OBJECT_CONVERSION = YES_AGGRESSIVE;
				CLANG_CXX_LANGUAGE_STANDARD = "gnu++14";
				CLANG_CXX_LIBRARY = "libc++";
				CLANG_ENABLE_MODULES = YES;
				CLANG_ENABLE_OBJC_ARC = YES;
				CLANG_ENABLE_OBJC_WEAK = YES;
				CLANG_WARN_BLOCK_CAPTURE_AUTORELEASING = YES;
				CLANG_WARN_BOOL_CONVERSION = YES;
				CLANG_WARN_COMMA = YES;
				CLANG_WARN_CONSTANT_CONVERSION = YES;
				CLANG_WARN_DEPRECATED_OBJC_IMPLEMENTATIONS = YES;
				CLANG_WARN_DIRECT_OBJC_ISA_USAGE = YES_ERROR;
				CLANG_WARN_DOCUMENTATION_COMMENTS = YES;
				CLANG_WARN_EMPTY_BODY = YES;
				CLANG_WARN_ENUM_CONVERSION = YES;
				CLANG_WARN_INFINITE_RECURSION = YES;
				CLANG_WARN_INT_CONVERSION = YES;
				CLANG_WARN_NON_LITERAL_NULL_CONVERSION = YES;
				CLANG_WARN_OBJC_IMPLICIT_RETAIN_SELF = YES;
				CLANG_WARN_OBJC_LITERAL_CONVERSION = YES;
				CLANG_WARN_OBJC_ROOT_CLASS = YES_ERROR;
				CLANG_WARN_RANGE_LOOP_ANALYSIS = YES;
				CLANG_WARN_STRICT_PROTOTYPES = YES;
				CLANG_WARN_SUSPICIOUS_MOVE = YES;
				CLANG_WARN_UNGUARDED_AVAILABILITY = YES_AGGRESSIVE;
				CLANG_WARN_UNREACHABLE_CODE = YES;
				CLANG_WARN__DUPLICATE_METHOD_MATCH = YES;
				CODE_SIGN_IDENTITY = "iPhone Developer";
				COPY_PHASE_STRIP = NO;
				DEBUG_INFORMATION_FORMAT = "dwarf-with-dsym";
				ENABLE_NS_ASSERTIONS = NO;
				ENABLE_STRICT_OBJC_MSGSEND = YES;
				GCC_C_LANGUAGE_STANDARD = gnu11;
				GCC_NO_COMMON_BLOCKS = YES;
				GCC_WARN_64_TO_32_BIT_CONVERSION = YES;
				GCC_WARN_ABOUT_RETURN_TYPE = YES_ERROR;
				GCC_WARN_UNDECLARED_SELECTOR = YES;
				GCC_WARN_UNINITIALIZED_AUTOS = YES_AGGRESSIVE;
				GCC_WARN_UNUSED_FUNCTION = YES;
				GCC_WARN_UNUSED_VARIABLE = YES;
				IPHONEOS_DEPLOYMENT_TARGET = 11.4;
				MTL_ENABLE_DEBUG_INFO = NO;
				SDKROOT = iphoneos;
				SWIFT_COMPILATION_MODE = wholemodule;
				SWIFT_OPTIMIZATION_LEVEL = "-O";
				VALIDATE_PRODUCT = YES;
			};
			name = Release;
		};
		3B84F57F2104F0B600F7D54D /* Debug */ = {
			isa = XCBuildConfiguration;
			baseConfigurationReference = E0BC45B9B7B5082D75F0843C /* Pods-Smack.debug.xcconfig */;
			buildSettings = {
				ASSETCATALOG_COMPILER_APPICON_NAME = AppIcon;
				CLANG_ENABLE_MODULES = YES;
				CODE_SIGN_STYLE = Automatic;
				DEVELOPMENT_TEAM = 9C5S623YC7;
				INFOPLIST_FILE = Smack/Info.plist;
				LD_RUNPATH_SEARCH_PATHS = (
					"$(inherited)",
					"@executable_path/Frameworks",
				);
				PRODUCT_BUNDLE_IDENTIFIER = massimilianoabeli.it.Smack;
				PRODUCT_NAME = "$(TARGET_NAME)";
				SWIFT_OBJC_BRIDGING_HEADER = "Smack-Bridging-Header.h";
				SWIFT_OPTIMIZATION_LEVEL = "-Onone";
				SWIFT_VERSION = 4.0;
				TARGETED_DEVICE_FAMILY = "1,2";
			};
			name = Debug;
		};
		3B84F5802104F0B600F7D54D /* Release */ = {
			isa = XCBuildConfiguration;
			baseConfigurationReference = 7F7B7DD87B26F088EAB39DAB /* Pods-Smack.release.xcconfig */;
			buildSettings = {
				ASSETCATALOG_COMPILER_APPICON_NAME = AppIcon;
				CLANG_ENABLE_MODULES = YES;
				CODE_SIGN_STYLE = Automatic;
				DEVELOPMENT_TEAM = 9C5S623YC7;
				INFOPLIST_FILE = Smack/Info.plist;
				LD_RUNPATH_SEARCH_PATHS = (
					"$(inherited)",
					"@executable_path/Frameworks",
				);
				PRODUCT_BUNDLE_IDENTIFIER = massimilianoabeli.it.Smack;
				PRODUCT_NAME = "$(TARGET_NAME)";
				SWIFT_OBJC_BRIDGING_HEADER = "Smack-Bridging-Header.h";
				SWIFT_VERSION = 4.0;
				TARGETED_DEVICE_FAMILY = "1,2";
			};
			name = Release;
		};
/* End XCBuildConfiguration section */

/* Begin XCConfigurationList section */
		3B84F5672104F0B600F7D54D /* Build configuration list for PBXProject "Smack" */ = {
			isa = XCConfigurationList;
			buildConfigurations = (
				3B84F57C2104F0B600F7D54D /* Debug */,
				3B84F57D2104F0B600F7D54D /* Release */,
			);
			defaultConfigurationIsVisible = 0;
			defaultConfigurationName = Release;
		};
		3B84F57E2104F0B600F7D54D /* Build configuration list for PBXNativeTarget "Smack" */ = {
			isa = XCConfigurationList;
			buildConfigurations = (
				3B84F57F2104F0B600F7D54D /* Debug */,
				3B84F5802104F0B600F7D54D /* Release */,
			);
			defaultConfigurationIsVisible = 0;
			defaultConfigurationName = Release;
		};
/* End XCConfigurationList section */
	};
	rootObject = 3B84F5642104F0B600F7D54D /* Project object */;
}
